
Microsoft Visual Studio Solution File, Format Version 12.00
# Visual Studio Version 17
VisualStudioVersion = 17.1.32228.430
MinimumVisualStudioVersion = 10.0.40219.1
Project("{9A19103F-16F7-4668-BE54-9A1E7A4F7556}") = "Kompromat", "Kompromat\Kompromat.csproj", "{5B81B871-8463-40BF-A08F-3F902AFE4968}"
EndProject
Project("{00D1A9C2-B5F0-4AF3-8072-F6C62B433612}") = "StudentsDB", "StudentsDB\StudentsDB.sqlproj", "{9F320F2E-77BD-4CDB-A595-4A8D4B79C985}"
EndProject
Global
	GlobalSection(SolutionConfigurationPlatforms) = preSolution
		Debug|Any CPU = Debug|Any CPU
		Release|Any CPU = Release|Any CPU
	EndGlobalSection
	GlobalSection(ProjectConfigurationPlatforms) = postSolution
		{5B81B871-8463-40BF-A08F-3F902AFE4968}.Debug|Any CPU.ActiveCfg = Debug|Any CPU
		{5B81B871-8463-40BF-A08F-3F902AFE4968}.Debug|Any CPU.Build.0 = Debug|Any CPU
		{5B81B871-8463-40BF-A08F-3F902AFE4968}.Release|Any CPU.ActiveCfg = Release|Any CPU
		{5B81B871-8463-40BF-A08F-3F902AFE4968}.Release|Any CPU.Build.0 = Release|Any CPU
		{9F320F2E-77BD-4CDB-A595-4A8D4B79C985}.Debug|Any CPU.ActiveCfg = Debug|Any CPU
		{9F320F2E-77BD-4CDB-A595-4A8D4B79C985}.Debug|Any CPU.Build.0 = Debug|Any CPU
		{9F320F2E-77BD-4CDB-A595-4A8D4B79C985}.Debug|Any CPU.Deploy.0 = Debug|Any CPU
		{9F320F2E-77BD-4CDB-A595-4A8D4B79C985}.Release|Any CPU.ActiveCfg = Release|Any CPU
		{9F320F2E-77BD-4CDB-A595-4A8D4B79C985}.Release|Any CPU.Build.0 = Release|Any CPU
		{9F320F2E-77BD-4CDB-A595-4A8D4B79C985}.Release|Any CPU.Deploy.0 = Release|Any CPU
	EndGlobalSection
	GlobalSection(SolutionProperties) = preSolution
		HideSolutionNode = FALSE
	EndGlobalSection
	GlobalSection(ExtensibilityGlobals) = postSolution
		SolutionGuid = {17170A2F-06FE-4E77-A183-E160240746D9}
	EndGlobalSection
EndGlobal
